dependencies:
- name: mongodb
  repository: https://charts.bitnami.com/bitnami
  version: 12.1.16
- name: keycloak
  repository: https://charts.bitnami.com/bitnami
  version: 24.4.13
- name: redis
  repository: https://charts.bitnami.com/bitnami
  version: 20.11.4
digest: sha256:811d2730cb2b7a08467d55b209718b4aa60377a0aa8a7080081f0b37f3ced2d2
generated: "2025-03-28T00:25:56.4457751+03:00"
